
Microsoft Visual Studio Solution File, Format Version 12.00
# Visual Studio 15
VisualStudioVersion = 15.0.27004.2006
MinimumVisualStudioVersion = 10.0.40219.1
Project("{FAE04EC0-301F-11D3-BF4B-00C04F79EFBC}") = "FlightCenter3107", "FlightCenter3107\FlightCenter3107.csproj", "{EE649C68-0402-4EC5-8F8D-6D676283EA57}"
EndProject
Project("{FAE04EC0-301F-11D3-BF4B-00C04F79EFBC}") = "FligthCenterCore", "FligthCenterCore\FligthCenterCore.csproj", "{A440C997-6BB9-4B65-BDCA-DBF0DEA92317}"
EndProject
Project("{FAE04EC0-301F-11D3-BF4B-00C04F79EFBC}") = "FlightCenterTests", "FlightCenterTests\FlightCenterTests.csproj", "{302CF4F1-5C58-484E-8A72-96CCE86DA5B8}"
EndProject
Global
	GlobalSection(SolutionConfigurationPlatforms) = preSolution
		Debug|Any CPU = Debug|Any CPU
		Release|Any CPU = Release|Any CPU
	EndGlobalSection
	GlobalSection(ProjectConfigurationPlatforms) = postSolution
		{EE649C68-0402-4EC5-8F8D-6D676283EA57}.Debug|Any CPU.ActiveCfg = Debug|Any CPU
		{EE649C68-0402-4EC5-8F8D-6D676283EA57}.Debug|Any CPU.Build.0 = Debug|Any CPU
		{EE649C68-0402-4EC5-8F8D-6D676283EA57}.Release|Any CPU.ActiveCfg = Release|Any CPU
		{EE649C68-0402-4EC5-8F8D-6D676283EA57}.Release|Any CPU.Build.0 = Release|Any CPU
		{A440C997-6BB9-4B65-BDCA-DBF0DEA92317}.Debug|Any CPU.ActiveCfg = Debug|Any CPU
		{A440C997-6BB9-4B65-BDCA-DBF0DEA92317}.Debug|Any CPU.Build.0 = Debug|Any CPU
		{A440C997-6BB9-4B65-BDCA-DBF0DEA92317}.Release|Any CPU.ActiveCfg = Release|Any CPU
		{A440C997-6BB9-4B65-BDCA-DBF0DEA92317}.Release|Any CPU.Build.0 = Release|Any CPU
		{302CF4F1-5C58-484E-8A72-96CCE86DA5B8}.Debug|Any CPU.ActiveCfg = Debug|Any CPU
		{302CF4F1-5C58-484E-8A72-96CCE86DA5B8}.Debug|Any CPU.Build.0 = Debug|Any CPU
		{302CF4F1-5C58-484E-8A72-96CCE86DA5B8}.Release|Any CPU.ActiveCfg = Release|Any CPU
		{302CF4F1-5C58-484E-8A72-96CCE86DA5B8}.Release|Any CPU.Build.0 = Release|Any CPU
	EndGlobalSection
	GlobalSection(SolutionProperties) = preSolution
		HideSolutionNode = FALSE
	EndGlobalSection
	GlobalSection(ExtensibilityGlobals) = postSolution
		SolutionGuid = {DF869E54-5F08-4A4F-89C5-AACB353F45FD}
	EndGlobalSection
EndGlobal
